
Microsoft Visual Studio Solution File, Format Version 12.00
# Visual Studio 14
VisualStudioVersion = 14.0.25420.1
MinimumVisualStudioVersion = 10.0.40219.1
Project("{FAE04EC0-301F-11D3-BF4B-00C04F79EFBC}") = "Empeek.Domain", "Empeek.Domain\Empeek.Domain.csproj", "{35ED87AA-2BE6-4B8D-AC75-04CD0B35ED77}"
EndProject
Project("{FAE04EC0-301F-11D3-BF4B-00C04F79EFBC}") = "Empeek.UnitTest", "Empeek.UnitTest\Empeek.UnitTest.csproj", "{AA5B3075-7811-4356-BC43-41D9A8203C31}"
EndProject
Project("{FAE04EC0-301F-11D3-BF4B-00C04F79EFBC}") = "Empeek.WebApi", "Empeek.WebApi\Empeek.WebApi.csproj", "{CF668532-AEE5-45A0-A69C-2B51D98A9512}"
EndProject
Global
	GlobalSection(SolutionConfigurationPlatforms) = preSolution
		Debug|Any CPU = Debug|Any CPU
		Release|Any CPU = Release|Any CPU
	EndGlobalSection
	GlobalSection(ProjectConfigurationPlatforms) = postSolution
		{35ED87AA-2BE6-4B8D-AC75-04CD0B35ED77}.Debug|Any CPU.ActiveCfg = Debug|Any CPU
		{35ED87AA-2BE6-4B8D-AC75-04CD0B35ED77}.Debug|Any CPU.Build.0 = Debug|Any CPU
		{35ED87AA-2BE6-4B8D-AC75-04CD0B35ED77}.Release|Any CPU.ActiveCfg = Release|Any CPU
		{35ED87AA-2BE6-4B8D-AC75-04CD0B35ED77}.Release|Any CPU.Build.0 = Release|Any CPU
		{AA5B3075-7811-4356-BC43-41D9A8203C31}.Debug|Any CPU.ActiveCfg = Debug|Any CPU
		{AA5B3075-7811-4356-BC43-41D9A8203C31}.Debug|Any CPU.Build.0 = Debug|Any CPU
		{AA5B3075-7811-4356-BC43-41D9A8203C31}.Release|Any CPU.ActiveCfg = Release|Any CPU
		{AA5B3075-7811-4356-BC43-41D9A8203C31}.Release|Any CPU.Build.0 = Release|Any CPU
		{CF668532-AEE5-45A0-A69C-2B51D98A9512}.Debug|Any CPU.ActiveCfg = Debug|Any CPU
		{CF668532-AEE5-45A0-A69C-2B51D98A9512}.Debug|Any CPU.Build.0 = Debug|Any CPU
		{CF668532-AEE5-45A0-A69C-2B51D98A9512}.Release|Any CPU.ActiveCfg = Release|Any CPU
		{CF668532-AEE5-45A0-A69C-2B51D98A9512}.Release|Any CPU.Build.0 = Release|Any CPU
	EndGlobalSection
	GlobalSection(SolutionProperties) = preSolution
		HideSolutionNode = FALSE
	EndGlobalSection
EndGlobal
